<Solution>
  <Folder Name="/backend/">
    <Project Path="backend/RoomsCalendar.Infrastructure/RoomsCalendar.Infrastructure.csproj" />
    <Project Path="backend/RoomsCalendar.Server/RoomsCalendar.Server.csproj" />
    <Project Path="backend/RoomsCalendar.Share/RoomsCalendar.Share.csproj" />
  </Folder>
  <Folder Name="/frontend/">
    <Project Path="frontend/RoomsCalendar.Client.esproj">
      <Build />
      <Deploy />
    </Project>
  </Folder>
</Solution>
